
Microsoft Visual Studio Solution File, Format Version 12.00
Project("{FAE04EC0-301F-11D3-BF4B-00C04F79EFBC}") = "DES_LAB5", "DES_LAB5\DES_LAB5.csproj", "{836B4355-D4E8-4B52-A220-E9AB6303B080}"
EndProject
Global
	GlobalSection(SolutionConfigurationPlatforms) = preSolution
		Debug|Any CPU = Debug|Any CPU
		Release|Any CPU = Release|Any CPU
	EndGlobalSection
	GlobalSection(ProjectConfigurationPlatforms) = postSolution
		{836B4355-D4E8-4B52-A220-E9AB6303B080}.Debug|Any CPU.ActiveCfg = Debug|Any CPU
		{836B4355-D4E8-4B52-A220-E9AB6303B080}.Debug|Any CPU.Build.0 = Debug|Any CPU
		{836B4355-D4E8-4B52-A220-E9AB6303B080}.Release|Any CPU.ActiveCfg = Release|Any CPU
		{836B4355-D4E8-4B52-A220-E9AB6303B080}.Release|Any CPU.Build.0 = Release|Any CPU
	EndGlobalSection
EndGlobal
